
Microsoft Visual Studio Solution File, Format Version 12.00
# Visual Studio 15
VisualStudioVersion = 15.0.27130.0
MinimumVisualStudioVersion = 10.0.40219.1
Project("{FAE04EC0-301F-11D3-BF4B-00C04F79EFBC}") = "Day2", "Day2\Day2.csproj", "{67529B16-0D5E-4DD8-8ADC-E94A56941149}"
EndProject
Project("{FAE04EC0-301F-11D3-BF4B-00C04F79EFBC}") = "Day1", "Day1\Day1.csproj", "{9D1BCBD9-11C8-478B-9719-3147013A1C6F}"
EndProject
Project("{FAE04EC0-301F-11D3-BF4B-00C04F79EFBC}") = "Day3", "Day3\Day3.csproj", "{A1439DDD-D328-4170-9716-9021838D60EE}"
EndProject
Project("{FAE04EC0-301F-11D3-BF4B-00C04F79EFBC}") = "Day4", "Day4\Day4.csproj", "{F03F2A9B-AEB9-4792-B409-B26B547B02F8}"
EndProject
Project("{FAE04EC0-301F-11D3-BF4B-00C04F79EFBC}") = "Day5", "Day5\Day5.csproj", "{3605220F-15CC-451A-A200-D8BC9115BFDE}"
EndProject
Project("{FAE04EC0-301F-11D3-BF4B-00C04F79EFBC}") = "Day6", "Day6\Day6.csproj", "{F6431E87-60B2-438E-AA4F-2BD98E828B19}"
EndProject
Global
	GlobalSection(SolutionConfigurationPlatforms) = preSolution
		Debug|Any CPU = Debug|Any CPU
		Release|Any CPU = Release|Any CPU
	EndGlobalSection
	GlobalSection(ProjectConfigurationPlatforms) = postSolution
		{67529B16-0D5E-4DD8-8ADC-E94A56941149}.Debug|Any CPU.ActiveCfg = Debug|Any CPU
		{67529B16-0D5E-4DD8-8ADC-E94A56941149}.Debug|Any CPU.Build.0 = Debug|Any CPU
		{67529B16-0D5E-4DD8-8ADC-E94A56941149}.Release|Any CPU.ActiveCfg = Release|Any CPU
		{67529B16-0D5E-4DD8-8ADC-E94A56941149}.Release|Any CPU.Build.0 = Release|Any CPU
		{9D1BCBD9-11C8-478B-9719-3147013A1C6F}.Debug|Any CPU.ActiveCfg = Debug|Any CPU
		{9D1BCBD9-11C8-478B-9719-3147013A1C6F}.Debug|Any CPU.Build.0 = Debug|Any CPU
		{9D1BCBD9-11C8-478B-9719-3147013A1C6F}.Release|Any CPU.ActiveCfg = Release|Any CPU
		{9D1BCBD9-11C8-478B-9719-3147013A1C6F}.Release|Any CPU.Build.0 = Release|Any CPU
		{A1439DDD-D328-4170-9716-9021838D60EE}.Debug|Any CPU.ActiveCfg = Debug|Any CPU
		{A1439DDD-D328-4170-9716-9021838D60EE}.Debug|Any CPU.Build.0 = Debug|Any CPU
		{A1439DDD-D328-4170-9716-9021838D60EE}.Release|Any CPU.ActiveCfg = Release|Any CPU
		{A1439DDD-D328-4170-9716-9021838D60EE}.Release|Any CPU.Build.0 = Release|Any CPU
		{F03F2A9B-AEB9-4792-B409-B26B547B02F8}.Debug|Any CPU.ActiveCfg = Debug|Any CPU
		{F03F2A9B-AEB9-4792-B409-B26B547B02F8}.Debug|Any CPU.Build.0 = Debug|Any CPU
		{F03F2A9B-AEB9-4792-B409-B26B547B02F8}.Release|Any CPU.ActiveCfg = Release|Any CPU
		{F03F2A9B-AEB9-4792-B409-B26B547B02F8}.Release|Any CPU.Build.0 = Release|Any CPU
		{3605220F-15CC-451A-A200-D8BC9115BFDE}.Debug|Any CPU.ActiveCfg = Debug|Any CPU
		{3605220F-15CC-451A-A200-D8BC9115BFDE}.Debug|Any CPU.Build.0 = Debug|Any CPU
		{3605220F-15CC-451A-A200-D8BC9115BFDE}.Release|Any CPU.ActiveCfg = Release|Any CPU
		{3605220F-15CC-451A-A200-D8BC9115BFDE}.Release|Any CPU.Build.0 = Release|Any CPU
		{F6431E87-60B2-438E-AA4F-2BD98E828B19}.Debug|Any CPU.ActiveCfg = Debug|Any CPU
		{F6431E87-60B2-438E-AA4F-2BD98E828B19}.Debug|Any CPU.Build.0 = Debug|Any CPU
		{F6431E87-60B2-438E-AA4F-2BD98E828B19}.Release|Any CPU.ActiveCfg = Release|Any CPU
		{F6431E87-60B2-438E-AA4F-2BD98E828B19}.Release|Any CPU.Build.0 = Release|Any CPU
	EndGlobalSection
	GlobalSection(SolutionProperties) = preSolution
		HideSolutionNode = FALSE
	EndGlobalSection
	GlobalSection(ExtensibilityGlobals) = postSolution
		SolutionGuid = {79781D40-FDC4-4091-BF89-AD7C7C3CE95E}
	EndGlobalSection
EndGlobal
